
Microsoft Visual Studio Solution File, Format Version 12.00
# Visual Studio Version 17
VisualStudioVersion = 17.6.33927.249
MinimumVisualStudioVersion = 10.0.40219.1
Project("{9A19103F-16F7-4668-BE54-9A1E7A4F7556}") = "wwwNPITest", "wwwNPITest.csproj", "{8774E1A4-4821-4900-A241-F1082E049313}"
EndProject
Project("{FAE04EC0-301F-11D3-BF4B-00C04F79EFBC}") = "DB", "..\DB\DB.csproj", "{B59DF5D7-A5D2-40B3-8113-108C37519969}"
EndProject
Project("{FAE04EC0-301F-11D3-BF4B-00C04F79EFBC}") = "Data", "..\Data\Data.csproj", "{A51A12FB-59E5-47DE-B3B6-C6F052E0C355}"
EndProject
Project("{FAE04EC0-301F-11D3-BF4B-00C04F79EFBC}") = "JSTable", "..\JSTable\JSTable.csproj", "{6193135F-184A-44FE-BFF8-FE07D8F8165F}"
EndProject
Global
	GlobalSection(SolutionConfigurationPlatforms) = preSolution
		Debug|Any CPU = Debug|Any CPU
		Release|Any CPU = Release|Any CPU
	EndGlobalSection
	GlobalSection(ProjectConfigurationPlatforms) = postSolution
		{8774E1A4-4821-4900-A241-F1082E049313}.Debug|Any CPU.ActiveCfg = Debug|Any CPU
		{8774E1A4-4821-4900-A241-F1082E049313}.Debug|Any CPU.Build.0 = Debug|Any CPU
		{8774E1A4-4821-4900-A241-F1082E049313}.Release|Any CPU.ActiveCfg = Release|Any CPU
		{8774E1A4-4821-4900-A241-F1082E049313}.Release|Any CPU.Build.0 = Release|Any CPU
		{B59DF5D7-A5D2-40B3-8113-108C37519969}.Debug|Any CPU.ActiveCfg = Debug|Any CPU
		{B59DF5D7-A5D2-40B3-8113-108C37519969}.Debug|Any CPU.Build.0 = Debug|Any CPU
		{B59DF5D7-A5D2-40B3-8113-108C37519969}.Release|Any CPU.ActiveCfg = Release|Any CPU
		{B59DF5D7-A5D2-40B3-8113-108C37519969}.Release|Any CPU.Build.0 = Release|Any CPU
		{A51A12FB-59E5-47DE-B3B6-C6F052E0C355}.Debug|Any CPU.ActiveCfg = Debug|Any CPU
		{A51A12FB-59E5-47DE-B3B6-C6F052E0C355}.Debug|Any CPU.Build.0 = Debug|Any CPU
		{A51A12FB-59E5-47DE-B3B6-C6F052E0C355}.Release|Any CPU.ActiveCfg = Release|Any CPU
		{A51A12FB-59E5-47DE-B3B6-C6F052E0C355}.Release|Any CPU.Build.0 = Release|Any CPU
		{6193135F-184A-44FE-BFF8-FE07D8F8165F}.Debug|Any CPU.ActiveCfg = Debug|Any CPU
		{6193135F-184A-44FE-BFF8-FE07D8F8165F}.Debug|Any CPU.Build.0 = Debug|Any CPU
		{6193135F-184A-44FE-BFF8-FE07D8F8165F}.Release|Any CPU.ActiveCfg = Release|Any CPU
		{6193135F-184A-44FE-BFF8-FE07D8F8165F}.Release|Any CPU.Build.0 = Release|Any CPU
	EndGlobalSection
	GlobalSection(SolutionProperties) = preSolution
		HideSolutionNode = FALSE
	EndGlobalSection
	GlobalSection(ExtensibilityGlobals) = postSolution
		SolutionGuid = {1A793565-8D3F-471E-87CC-0EEF18EB6F07}
	EndGlobalSection
EndGlobal
